version = 1
revision = 1
requires-python = ">=3.12"

[[package]]
name = "annotated-types"
version = "0.6.0"
source = { registry = "https://pypi.org/simple" }
sdist = { url = "https://files.pythonhosted.org/packages/67/fe/8c7b275824c6d2cd17c93ee85d0ee81c090285b6d52f4876ccc47cf9c3c4/annotated_types-0.6.0.tar.gz", hash = "sha256:563339e807e53ffd9c267e99fc6d9ea23eb8443c08f112651963e24e22f84a5d", size = 14670 }
wheels = [
    { url = "https://files.pythonhosted.org/packages/28/78/d31230046e58c207284c6b2c4e8d96e6d3cb4e52354721b944d3e1ee4aa5/annotated_types-0.6.0-py3-none-any.whl", hash = "sha256:0641064de18ba7a25dee8f96403ebc39113d0cb953a01429249d5c7564666a43", size = 12360 },
]

[[package]]
name = "certifi"
version = "2024.2.2"
source = { registry = "https://pypi.org/simple" }
sdist = { url = "https://files.pythonhosted.org/packages/71/da/e94e26401b62acd6d91df2b52954aceb7f561743aa5ccc32152886c76c96/certifi-2024.2.2.tar.gz", hash = "sha256:0569859f95fc761b18b45ef421b1290a0f65f147e92a1e5eb3e635f9a5e4e66f", size = 164886 }
wheels = [
    { url = "https://files.pythonhosted.org/packages/ba/06/a07f096c664aeb9f01624f858c3add0a4e913d6c96257acb4fce61e7de14/certifi-2024.2.2-py3-none-any.whl", hash = "sha256:dc383c07b76109f368f6106eee2b593b04a011ea4d55f652c6ca24a754d1cdd1", size = 163774 },
]

[[package]]
name = "charset-normalizer"
version = "3.3.2"
source = { registry = "https://pypi.org/simple" }
sdist = { url = "https://files.pythonhosted.org/packages/63/09/c1bc53dab74b1816a00d8d030de5bf98f724c52c1635e07681d312f20be8/charset-normalizer-3.3.2.tar.gz", hash = "sha256:f30c3cb33b24454a82faecaf01b19c18562b1e89558fb6c56de4d9118a032fd5", size = 104809 }
wheels = [
    { url = "https://files.pythonhosted.org/packages/d1/b2/fcedc8255ec42afee97f9e6f0145c734bbe104aac28300214593eb326f1d/charset_normalizer-3.3.2-cp312-cp312-macosx_10_9_universal2.whl", hash = "sha256:0b2b64d2bb6d3fb9112bafa732def486049e63de9618b5843bcdd081d8144cd8", size = 192892 },
    { url = "https://files.pythonhosted.org/packages/2e/7d/2259318c202f3d17f3fe6438149b3b9e706d1070fe3fcbb28049730bb25c/charset_normalizer-3.3.2-cp312-cp312-macosx_10_9_x86_64.whl", hash = "sha256:ddbb2551d7e0102e7252db79ba445cdab71b26640817ab1e3e3648dad515003b", size = 122213 },
    { url = "https://files.pythonhosted.org/packages/3a/52/9f9d17c3b54dc238de384c4cb5a2ef0e27985b42a0e5cc8e8a31d918d48d/charset_normalizer-3.3.2-cp312-cp312-macosx_11_0_arm64.whl", hash = "sha256:55086ee1064215781fff39a1af09518bc9255b50d6333f2e4c74ca09fac6a8f6", size = 119404 },
    { url = "https://files.pythonhosted.org/packages/99/b0/9c365f6d79a9f0f3c379ddb40a256a67aa69c59609608fe7feb6235896e1/charset_normalizer-3.3.2-cp312-cp312-manylinux_2_17_aarch64.manylinux2014_aarch64.whl", hash = "sha256:8f4a014bc36d3c57402e2977dada34f9c12300af536839dc38c0beab8878f38a", size = 137275 },
    { url = "https://files.pythonhosted.org/packages/91/33/749df346e93d7a30cdcb90cbfdd41a06026317bfbfb62cd68307c1a3c543/charset_normalizer-3.3.2-cp312-cp312-manylinux_2_17_ppc64le.manylinux2014_ppc64le.whl", hash = "sha256:a10af20b82360ab00827f916a6058451b723b4e65030c5a18577c8b2de5b3389", size = 147518 },
    { url = "https://files.pythonhosted.org/packages/72/1a/641d5c9f59e6af4c7b53da463d07600a695b9824e20849cb6eea8a627761/charset_normalizer-3.3.2-cp312-cp312-manylinux_2_17_s390x.manylinux2014_s390x.whl", hash = "sha256:8d756e44e94489e49571086ef83b2bb8ce311e730092d2c34ca8f7d925cb20aa", size = 140182 },
    { url = "https://files.pythonhosted.org/packages/ee/fb/14d30eb4956408ee3ae09ad34299131fb383c47df355ddb428a7331cfa1e/charset_normalizer-3.3.2-cp312-cp312-manylinux_2_17_x86_64.manylinux2014_x86_64.whl", hash = "sha256:90d558489962fd4918143277a773316e56c72da56ec7aa3dc3dbbe20fdfed15b", size = 141869 },
    { url = "https://files.pythonhosted.org/packages/df/3e/a06b18788ca2eb6695c9b22325b6fde7dde0f1d1838b1792a0076f58fe9d/charset_normalizer-3.3.2-cp312-cp312-manylinux_2_5_i686.manylinux1_i686.manylinux_2_17_i686.manylinux2014_i686.whl", hash = "sha256:6ac7ffc7ad6d040517be39eb591cac5ff87416c2537df6ba3cba3bae290c0fed", size = 144042 },
    { url = "https://files.pythonhosted.org/packages/45/59/3d27019d3b447a88fe7e7d004a1e04be220227760264cc41b405e863891b/charset_normalizer-3.3.2-cp312-cp312-musllinux_1_1_aarch64.whl", hash = "sha256:7ed9e526742851e8d5cc9e6cf41427dfc6068d4f5a3bb03659444b4cabf6bc26", size = 138275 },
    { url = "https://files.pythonhosted.org/packages/7b/ef/5eb105530b4da8ae37d506ccfa25057961b7b63d581def6f99165ea89c7e/charset_normalizer-3.3.2-cp312-cp312-musllinux_1_1_i686.whl", hash = "sha256:8bdb58ff7ba23002a4c5808d608e4e6c687175724f54a5dade5fa8c67b604e4d", size = 144819 },
    { url = "https://files.pythonhosted.org/packages/a2/51/e5023f937d7f307c948ed3e5c29c4b7a3e42ed2ee0b8cdf8f3a706089bf0/charset_normalizer-3.3.2-cp312-cp312-musllinux_1_1_ppc64le.whl", hash = "sha256:6b3251890fff30ee142c44144871185dbe13b11bab478a88887a639655be1068", size = 149415 },
    { url = "https://files.pythonhosted.org/packages/24/9d/2e3ef673dfd5be0154b20363c5cdcc5606f35666544381bee15af3778239/charset_normalizer-3.3.2-cp312-cp312-musllinux_1_1_s390x.whl", hash = "sha256:b4a23f61ce87adf89be746c8a8974fe1c823c891d8f86eb218bb957c924bb143", size = 141212 },
    { url = "https://files.pythonhosted.org/packages/5b/ae/ce2c12fcac59cb3860b2e2d76dc405253a4475436b1861d95fe75bdea520/charset_normalizer-3.3.2-cp312-cp312-musllinux_1_1_x86_64.whl", hash = "sha256:efcb3f6676480691518c177e3b465bcddf57cea040302f9f4e6e191af91174d4", size = 142167 },
    { url = "https://files.pythonhosted.org/packages/ed/3a/a448bf035dce5da359daf9ae8a16b8a39623cc395a2ffb1620aa1bce62b0/charset_normalizer-3.3.2-cp312-cp312-win32.whl", hash = "sha256:d965bba47ddeec8cd560687584e88cf699fd28f192ceb452d1d7ee807c5597b7", size = 93041 },
    { url = "https://files.pythonhosted.org/packages/b6/7c/8debebb4f90174074b827c63242c23851bdf00a532489fba57fef3416e40/charset_normalizer-3.3.2-cp312-cp312-win_amd64.whl", hash = "sha256:96b02a3dc4381e5494fad39be677abcb5e6634bf7b4fa83a6dd3112607547001", size = 100397 },
    { url = "https://files.pythonhosted.org/packages/28/76/e6222113b83e3622caa4bb41032d0b1bf785250607392e1b778aca0b8a7d/charset_normalizer-3.3.2-py3-none-any.whl", hash = "sha256:3e4d1f6587322d2788836a99c69062fbb091331ec940e02d12d179c1d53e25fc", size = 48543 },
]

[[package]]
name = "idna"
version = "3.7"
source = { registry = "https://pypi.org/simple" }
sdist = { url = "https://files.pythonhosted.org/packages/21/ed/f86a79a07470cb07819390452f178b3bef1d375f2ec021ecfc709fc7cf07/idna-3.7.tar.gz", hash = "sha256:028ff3aadf0609c1fd278d8ea3089299412a7a8b9bd005dd08b9f8285bcb5cfc", size = 189575 }
wheels = [
    { url = "https://files.pythonhosted.org/packages/e5/3e/741d8c82801c347547f8a2a06aa57dbb1992be9e948df2ea0eda2c8b79e8/idna-3.7-py3-none-any.whl", hash = "sha256:82fee1fc78add43492d3a1898bfa6d8a904cc97d8427f683ed8e798d07761aa0", size = 66836 },
]

[[package]]
name = "kink"
version = "0.7.0"
source = { registry = "https://pypi.org/simple" }
dependencies = [
    { name = "typing-extensions" },
]
sdist = { url = "https://files.pythonhosted.org/packages/36/a0/5e2baae59037730e655dd61aa35f6bedf332b237d5cb4f6a6a77b03b23f4/kink-0.7.0.tar.gz", hash = "sha256:cea9e263b74d3f19131070a7e5a7076ba98f552eaeab67655c983f7b4cc15380", size = 13014 }
wheels = [
    { url = "https://files.pythonhosted.org/packages/0f/2a/acce88f82ae42cac0112e31598e0be5317e2707b7f7c67dfc83b3602bc78/kink-0.7.0-py3-none-any.whl", hash = "sha256:661746babd0c1ee4cf576b9133acba0d620007ff40a37860afc4d13abdacadcd", size = 11179 },
]

[[package]]
name = "puska-farm-websocket"
version = "0.1.0"
source = { virtual = "." }
dependencies = [
    { name = "annotated-types" },
    { name = "certifi" },
    { name = "charset-normalizer" },
    { name = "idna" },
    { name = "kink" },
    { name = "pydantic" },
    { name = "pydantic-core" },
    { name = "pydantic-settings" },
    { name = "python-dotenv" },
    { name = "requests" },
    { name = "typing-extensions" },
    { name = "urllib3" },
    { name = "websockets" },
]

[package.metadata]
requires-dist = [
    { name = "annotated-types", specifier = "==0.6.0" },
    { name = "certifi", specifier = "==2024.2.2" },
    { name = "charset-normalizer", specifier = "==3.3.2" },
    { name = "idna", specifier = "==3.7" },
    { name = "kink", specifier = "==0.7.0" },
    { name = "pydantic", specifier = "==2.7.0" },
    { name = "pydantic-core", specifier = "==2.18.1" },
    { name = "pydantic-settings", specifier = "==2.2.1" },
    { name = "python-dotenv", specifier = "==1.0.1" },
    { name = "requests", specifier = "==2.31.0" },
    { name = "typing-extensions", specifier = "==4.11.0" },
    { name = "urllib3", specifier = "==2.2.1" },
    { name = "websockets", specifier = "==12.0" },
]

[[package]]
name = "pydantic"
version = "2.7.0"
source = { registry = "https://pypi.org/simple" }
dependencies = [
    { name = "annotated-types" },
    { name = "pydantic-core" },
    { name = "typing-extensions" },
]
sdist = { url = "https://files.pythonhosted.org/packages/cd/fc/70fe71ff78f680d584eba9c55a30092f6ef0b9cf0c75a74bd35a24151a83/pydantic-2.7.0.tar.gz", hash = "sha256:b5ecdd42262ca2462e2624793551e80911a1e989f462910bb81aef974b4bb383", size = 710409 }
wheels = [
    { url = "https://files.pythonhosted.org/packages/16/ca/330c4f3bd983bb24ac12c7fd1e08c26c8aed70bc64498cf38c770321067f/pydantic-2.7.0-py3-none-any.whl", hash = "sha256:9dee74a271705f14f9a1567671d144a851c675b072736f0a7b2608fd9e495352", size = 407936 },
]

[[package]]
name = "pydantic-core"
version = "2.18.1"
source = { registry = "https://pypi.org/simple" }
dependencies = [
    { name = "typing-extensions" },
]
sdist = { url = "https://files.pythonhosted.org/packages/3d/28/d693aab237fca82da327990a88a983b2b84b890032076ee4a87e18038dbb/pydantic_core-2.18.1.tar.gz", hash = "sha256:de9d3e8717560eb05e28739d1b35e4eac2e458553a52a301e51352a7ffc86a35", size = 381997 }
wheels = [
    { url = "https://files.pythonhosted.org/packages/c6/dd/203d621d7987070cedecf038389f064dfceaed6051016ff917f100fe001f/pydantic_core-2.18.1-cp312-cp312-macosx_10_12_x86_64.whl", hash = "sha256:b6b0e4912030c6f28bcb72b9ebe4989d6dc2eebcd2a9cdc35fefc38052dd4fe8", size = 1851918 },
    { url = "https://files.pythonhosted.org/packages/69/fc/cb2c438c671a4cfd73b65e68399a1260466e08bb71dd16e8189e4f620015/pydantic_core-2.18.1-cp312-cp312-macosx_11_0_arm64.whl", hash = "sha256:f3202a429fe825b699c57892d4371c74cc3456d8d71b7f35d6028c96dfecad31", size = 1770396 },
    { url = "https://files.pythonhosted.org/packages/24/02/79d6165dd8c33ee69901f0d7ef568658e586f765ac11da25cf6bb5b2c6fb/pydantic_core-2.18.1-cp312-cp312-manylinux_2_17_aarch64.manylinux2014_aarch64.whl", hash = "sha256:a3982b0a32d0a88b3907e4b0dc36809fda477f0757c59a505d4e9b455f384b8b", size = 1810487 },
    { url = "https://files.pythonhosted.org/packages/1a/55/505992e7ebb05af9b58847975ae7cef398441679d7602b139de0634452d4/pydantic_core-2.18.1-cp312-cp312-manylinux_2_17_armv7l.manylinux2014_armv7l.whl", hash = "sha256:25595ac311f20e5324d1941909b0d12933f1fd2171075fcff763e90f43e92a0d", size = 1792556 },
    { url = "https://files.pythonhosted.org/packages/75/48/0ae681a6198e5f4253d3a90a262a7965fccb7c58770065d457a5d2ba3be6/pydantic_core-2.18.1-cp312-cp312-manylinux_2_17_ppc64le.manylinux2014_ppc64le.whl", hash = "sha256:14fe73881cf8e4cbdaded8ca0aa671635b597e42447fec7060d0868b52d074e6", size = 2016101 },
    { url = "https://files.pythonhosted.org/packages/9e/3d/036ccc8e039593012e942f513f8937a64b91a500d2c7d88f4744d9c430fc/pydantic_core-2.18.1-cp312-cp312-manylinux_2_17_s390x.manylinux2014_s390x.whl", hash = "sha256:ca976884ce34070799e4dfc6fbd68cb1d181db1eefe4a3a94798ddfb34b8867f", size = 2876333 },
    { url = "https://files.pythonhosted.org/packages/24/a2/4b135f51ca5c0f91fa3cb5b880068e10b23f1bada653f9c14cb5154842db/pydantic_core-2.18.1-cp312-cp312-manylinux_2_17_x86_64.manylinux2014_x86_64.whl", hash = "sha256:684d840d2c9ec5de9cb397fcb3f36d5ebb6fa0d94734f9886032dd796c1ead06", size = 2078707 },
    { url = "https://files.pythonhosted.org/packages/25/ab/4113bedb56e67ab28d9da7552dc08b67b6b2ceb61876ff57ebce98eca265/pydantic_core-2.18.1-cp312-cp312-manylinux_2_5_i686.manylinux1_i686.whl", hash = "sha256:54764c083bbe0264f0f746cefcded6cb08fbbaaf1ad1d78fb8a4c30cff999a90", size = 1923971 },
    { url = "https://files.pythonhosted.org/packages/1e/5f/bf7d64e781bebe87af8ae834e269f85cb2328c9c7d22110bb152252abbd1/pydantic_core-2.18.1-cp312-cp312-musllinux_1_1_aarch64.whl", hash = "sha256:201713f2f462e5c015b343e86e68bd8a530a4f76609b33d8f0ec65d2b921712a", size = 1990388 },
    { url = "https://files.pythonhosted.org/packages/a7/09/98b197d7ce8e34baf3922deccefc3e5ba774f821713841cfe350f04df753/pydantic_core-2.18.1-cp312-cp312-musllinux_1_1_x86_64.whl", hash = "sha256:fd1a9edb9dd9d79fbeac1ea1f9a8dd527a6113b18d2e9bcc0d541d308dae639b", size = 2124610 },
    { url = "https://files.pythonhosted.org/packages/cd/31/6503b3fad7f695dfaaec134c277ff570a548027a590ab585155c8781293f/pydantic_core-2.18.1-cp312-none-win32.whl", hash = "sha256:d5e6b7155b8197b329dc787356cfd2684c9d6a6b1a197f6bbf45f5555a98d411", size = 1744264 },
    { url = "https://files.pythonhosted.org/packages/20/3f/763b9e6111d5f2c7c14008264049c7f18700f921ed81f461fcd6e9466618/pydantic_core-2.18.1-cp312-none-win_amd64.whl", hash = "sha256:9376d83d686ec62e8b19c0ac3bf8d28d8a5981d0df290196fb6ef24d8a26f0d6", size = 1915681 },
    { url = "https://files.pythonhosted.org/packages/3d/d0/0073546bc90805c73bc5995b9760db3c1bacfa0d3d38965e6d97b58b9fe1/pydantic_core-2.18.1-cp312-none-win_arm64.whl", hash = "sha256:c562b49c96906b4029b5685075fe1ebd3b5cc2601dfa0b9e16c2c09d6cbce048", size = 1809595 },
]

[[package]]
name = "pydantic-settings"
version = "2.2.1"
source = { registry = "https://pypi.org/simple" }
dependencies = [
    { name = "pydantic" },
    { name = "python-dotenv" },
]
sdist = { url = "https://files.pythonhosted.org/packages/00/a4/89191c3cce6e6f79b734bfe81d3a8f176d21b57b034689cfbdc57d61c412/pydantic_settings-2.2.1.tar.gz", hash = "sha256:00b9f6a5e95553590434c0fa01ead0b216c3e10bc54ae02e37f359948643c5ed", size = 35495 }
wheels = [
    { url = "https://files.pythonhosted.org/packages/99/ee/24ec87e3a91426497c5a2b9880662d19cfd640342d477334ebc60fc2c276/pydantic_settings-2.2.1-py3-none-any.whl", hash = "sha256:0235391d26db4d2190cb9b31051c4b46882d28a51533f97440867f012d4da091", size = 13150 },
]

[[package]]
name = "python-dotenv"
version = "1.0.1"
source = { registry = "https://pypi.org/simple" }
sdist = { url = "https://files.pythonhosted.org/packages/bc/57/e84d88dfe0aec03b7a2d4327012c1627ab5f03652216c63d49846d7a6c58/python-dotenv-1.0.1.tar.gz", hash = "sha256:e324ee90a023d808f1959c46bcbc04446a10ced277783dc6ee09987c37ec10ca", size = 39115 }
wheels = [
    { url = "https://files.pythonhosted.org/packages/6a/3e/b68c118422ec867fa7ab88444e1274aa40681c606d59ac27de5a5588f082/python_dotenv-1.0.1-py3-none-any.whl", hash = "sha256:f7b63ef50f1b690dddf550d03497b66d609393b40b564ed0d674909a68ebf16a", size = 19863 },
]

[[package]]
name = "requests"
version = "2.31.0"
source = { registry = "https://pypi.org/simple" }
dependencies = [
    { name = "certifi" },
    { name = "charset-normalizer" },
    { name = "idna" },
    { name = "urllib3" },
]
sdist = { url = "https://files.pythonhosted.org/packages/9d/be/10918a2eac4ae9f02f6cfe6414b7a155ccd8f7f9d4380d62fd5b955065c3/requests-2.31.0.tar.gz", hash = "sha256:942c5a758f98d790eaed1a29cb6eefc7ffb0d1cf7af05c3d2791656dbd6ad1e1", size = 110794 }
wheels = [
    { url = "https://files.pythonhosted.org/packages/70/8e/0e2d847013cb52cd35b38c009bb167a1a26b2ce6cd6965bf26b47bc0bf44/requests-2.31.0-py3-none-any.whl", hash = "sha256:58cd2187c01e70e6e26505bca751777aa9f2ee0b7f4300988b709f44e013003f", size = 62574 },
]

[[package]]
name = "typing-extensions"
version = "4.11.0"
source = { registry = "https://pypi.org/simple" }
sdist = { url = "https://files.pythonhosted.org/packages/f6/f3/b827b3ab53b4e3d8513914586dcca61c355fa2ce8252dea4da56e67bf8f2/typing_extensions-4.11.0.tar.gz", hash = "sha256:83f085bd5ca59c80295fc2a82ab5dac679cbe02b9f33f7d83af68e241bea51b0", size = 78744 }
wheels = [
    { url = "https://files.pythonhosted.org/packages/01/f3/936e209267d6ef7510322191003885de524fc48d1b43269810cd589ceaf5/typing_extensions-4.11.0-py3-none-any.whl", hash = "sha256:c1f94d72897edaf4ce775bb7558d5b79d8126906a14ea5ed1635921406c0387a", size = 34698 },
]

[[package]]
name = "urllib3"
version = "2.2.1"
source = { registry = "https://pypi.org/simple" }
sdist = { url = "https://files.pythonhosted.org/packages/7a/50/7fd50a27caa0652cd4caf224aa87741ea41d3265ad13f010886167cfcc79/urllib3-2.2.1.tar.gz", hash = "sha256:d0570876c61ab9e520d776c38acbbb5b05a776d3f9ff98a5c8fd5162a444cf19", size = 291020 }
wheels = [
    { url = "https://files.pythonhosted.org/packages/a2/73/a68704750a7679d0b6d3ad7aa8d4da8e14e151ae82e6fee774e6e0d05ec8/urllib3-2.2.1-py3-none-any.whl", hash = "sha256:450b20ec296a467077128bff42b73080516e71b56ff59a60a02bef2232c4fa9d", size = 121067 },
]

[[package]]
name = "websockets"
version = "12.0"
source = { registry = "https://pypi.org/simple" }
sdist = { url = "https://files.pythonhosted.org/packages/2e/62/7a7874b7285413c954a4cca3c11fd851f11b2fe5b4ae2d9bee4f6d9bdb10/websockets-12.0.tar.gz", hash = "sha256:81df9cbcbb6c260de1e007e58c011bfebe2dafc8435107b0537f393dd38c8b1b", size = 104994 }
wheels = [
    { url = "https://files.pythonhosted.org/packages/a9/6d/23cc898647c8a614a0d9ca703695dd04322fb5135096a20c2684b7c852b6/websockets-12.0-cp312-cp312-macosx_10_9_universal2.whl", hash = "sha256:0e6e2711d5a8e6e482cacb927a49a3d432345dfe7dea8ace7b5790df5932e4df", size = 124061 },
    { url = "https://files.pythonhosted.org/packages/39/34/364f30fdf1a375e4002a26ee3061138d1571dfda6421126127d379d13930/websockets-12.0-cp312-cp312-macosx_10_9_x86_64.whl", hash = "sha256:dbcf72a37f0b3316e993e13ecf32f10c0e1259c28ffd0a85cee26e8549595fbc", size = 121296 },
    { url = "https://files.pythonhosted.org/packages/2e/00/96ae1c9dcb3bc316ef683f2febd8c97dde9f254dc36c3afc65c7645f734c/websockets-12.0-cp312-cp312-macosx_11_0_arm64.whl", hash = "sha256:12743ab88ab2af1d17dd4acb4645677cb7063ef4db93abffbf164218a5d54c6b", size = 121326 },
    { url = "https://files.pythonhosted.org/packages/af/f1/bba1e64430685dd456c1a1fd6b0c791ae33104967b928aefeff261761e8d/websockets-12.0-cp312-cp312-manylinux_2_17_aarch64.manylinux2014_aarch64.whl", hash = "sha256:7b645f491f3c48d3f8a00d1fce07445fab7347fec54a3e65f0725d730d5b99cb", size = 131807 },
    { url = "https://files.pythonhosted.org/packages/62/3b/98ee269712f37d892b93852ce07b3e6d7653160ca4c0d4f8c8663f8021f8/websockets-12.0-cp312-cp312-manylinux_2_5_i686.manylinux1_i686.manylinux_2_17_i686.manylinux2014_i686.whl", hash = "sha256:9893d1aa45a7f8b3bc4510f6ccf8db8c3b62120917af15e3de247f0780294b92", size = 130751 },
    { url = "https://files.pythonhosted.org/packages/f1/00/d6f01ca2b191f8b0808e4132ccd2e7691f0453cbd7d0f72330eb97453c3a/websockets-12.0-cp312-cp312-manylinux_2_5_x86_64.manylinux1_x86_64.manylinux_2_17_x86_64.manylinux2014_x86_64.whl", hash = "sha256:1f38a7b376117ef7aff996e737583172bdf535932c9ca021746573bce40165ed", size = 131176 },
    { url = "https://files.pythonhosted.org/packages/af/9c/703ff3cd8109dcdee6152bae055d852ebaa7750117760ded697ab836cbcf/websockets-12.0-cp312-cp312-musllinux_1_1_aarch64.whl", hash = "sha256:f764ba54e33daf20e167915edc443b6f88956f37fb606449b4a5b10ba42235a5", size = 136246 },
    { url = "https://files.pythonhosted.org/packages/0b/a5/1a38fb85a456b9dc874ec984f3ff34f6550eafd17a3da28753cd3c1628e8/websockets-12.0-cp312-cp312-musllinux_1_1_i686.whl", hash = "sha256:1e4b3f8ea6a9cfa8be8484c9221ec0257508e3a1ec43c36acdefb2a9c3b00aa2", size = 135466 },
    { url = "https://files.pythonhosted.org/packages/3c/98/1261f289dff7e65a38d59d2f591de6ed0a2580b729aebddec033c4d10881/websockets-12.0-cp312-cp312-musllinux_1_1_x86_64.whl", hash = "sha256:9fdf06fd06c32205a07e47328ab49c40fc1407cdec801d698a7c41167ea45113", size = 136083 },
    { url = "https://files.pythonhosted.org/packages/a9/1c/f68769fba63ccb9c13fe0a25b616bd5aebeef1c7ddebc2ccc32462fb784d/websockets-12.0-cp312-cp312-win32.whl", hash = "sha256:baa386875b70cbd81798fa9f71be689c1bf484f65fd6fb08d051a0ee4e79924d", size = 124460 },
    { url = "https://files.pythonhosted.org/packages/20/52/8915f51f9aaef4e4361c89dd6cf69f72a0159f14e0d25026c81b6ad22525/websockets-12.0-cp312-cp312-win_amd64.whl", hash = "sha256:ae0a5da8f35a5be197f328d4727dbcfafa53d1824fac3d96cdd3a642fe09394f", size = 124985 },
    { url = "https://files.pythonhosted.org/packages/79/4d/9cc401e7b07e80532ebc8c8e993f42541534da9e9249c59ee0139dcb0352/websockets-12.0-py3-none-any.whl", hash = "sha256:dc284bbc8d7c78a6c69e0c7325ab46ee5e40bb4d50e494d8131a07ef47500e9e", size = 118370 },
]
